
Microsoft Visual Studio Solution File, Format Version 12.00
# Visual Studio 15
VisualStudioVersion = 15.0.26228.9
MinimumVisualStudioVersion = 10.0.40219.1
Project("{FAE04EC0-301F-11D3-BF4B-00C04F79EFBC}") = "Calculator", "Calculator\Calculator.csproj", "{99EDE1EE-98F5-49A9-8CE6-6AA1F57B4298}"
EndProject
Global
	GlobalSection(SolutionConfigurationPlatforms) = preSolution
		Debug|Any CPU = Debug|Any CPU
		Release|Any CPU = Release|Any CPU
	EndGlobalSection
	GlobalSection(ProjectConfigurationPlatforms) = postSolution
		{99EDE1EE-98F5-49A9-8CE6-6AA1F57B4298}.Debug|Any CPU.ActiveCfg = Debug|Any CPU
		{99EDE1EE-98F5-49A9-8CE6-6AA1F57B4298}.Debug|Any CPU.Build.0 = Debug|Any CPU
		{99EDE1EE-98F5-49A9-8CE6-6AA1F57B4298}.Release|Any CPU.ActiveCfg = Release|Any CPU
		{99EDE1EE-98F5-49A9-8CE6-6AA1F57B4298}.Release|Any CPU.Build.0 = Release|Any CPU
	EndGlobalSection
	GlobalSection(SolutionProperties) = preSolution
		HideSolutionNode = FALSE
	EndGlobalSection
EndGlobal
